
Microsoft Visual Studio Solution File, Format Version 12.00
# Visual Studio 15
VisualStudioVersion = 15.0.28307.438
MinimumVisualStudioVersion = 10.0.40219.1
Project("{FAE04EC0-301F-11D3-BF4B-00C04F79EFBC}") = "AlgoHW", "AlgoHW\AlgoHW.csproj", "{6A12BF61-6B09-4573-99C8-725EDD59FEE7}"
EndProject
Project("{FAE04EC0-301F-11D3-BF4B-00C04F79EFBC}") = "AlgoHW2", "AlgoHW2\AlgoHW2.csproj", "{C87D2C3A-1F89-4FCB-A3A8-9CA394559F7F}"
EndProject
Global
	GlobalSection(SolutionConfigurationPlatforms) = preSolution
		Debug|Any CPU = Debug|Any CPU
		Release|Any CPU = Release|Any CPU
	EndGlobalSection
	GlobalSection(ProjectConfigurationPlatforms) = postSolution
		{6A12BF61-6B09-4573-99C8-725EDD59FEE7}.Debug|Any CPU.ActiveCfg = Debug|Any CPU
		{6A12BF61-6B09-4573-99C8-725EDD59FEE7}.Debug|Any CPU.Build.0 = Debug|Any CPU
		{6A12BF61-6B09-4573-99C8-725EDD59FEE7}.Release|Any CPU.ActiveCfg = Release|Any CPU
		{6A12BF61-6B09-4573-99C8-725EDD59FEE7}.Release|Any CPU.Build.0 = Release|Any CPU
		{C87D2C3A-1F89-4FCB-A3A8-9CA394559F7F}.Debug|Any CPU.ActiveCfg = Debug|Any CPU
		{C87D2C3A-1F89-4FCB-A3A8-9CA394559F7F}.Debug|Any CPU.Build.0 = Debug|Any CPU
		{C87D2C3A-1F89-4FCB-A3A8-9CA394559F7F}.Release|Any CPU.ActiveCfg = Release|Any CPU
		{C87D2C3A-1F89-4FCB-A3A8-9CA394559F7F}.Release|Any CPU.Build.0 = Release|Any CPU
	EndGlobalSection
	GlobalSection(SolutionProperties) = preSolution
		HideSolutionNode = FALSE
	EndGlobalSection
	GlobalSection(ExtensibilityGlobals) = postSolution
		SolutionGuid = {E2553F96-D04D-465C-82FB-9FE9FD1AA78C}
	EndGlobalSection
EndGlobal
